
Microsoft Visual Studio Solution File, Format Version 12.00
# Visual Studio Version 17
VisualStudioVersion = 17.10.35013.160
MinimumVisualStudioVersion = 10.0.40219.1
Project("{2150E333-8FDC-42A3-9474-1A3956D46DE8}") = "Services", "Services", "{6CC0569D-1FEB-4702-AB52-AE76359224FE}"
EndProject
Project("{2150E333-8FDC-42A3-9474-1A3956D46DE8}") = "Catalog", "Catalog", "{7C4D941D-91D0-48DA-AC5C-80CB3DA4491E}"
EndProject
Project("{9A19103F-16F7-4668-BE54-9A1E7A4F7556}") = "CatalogAPI", "src\Services\Catalog\CatalogAPI\CatalogAPI.csproj", "{031ADE60-1C3D-4C97-9388-F4BD418D6153}"
EndProject
Project("{2150E333-8FDC-42A3-9474-1A3956D46DE8}") = "BuildingBlocks", "BuildingBlocks", "{54EA7F74-4C4C-4339-8F88-15BC680D1890}"
EndProject
Project("{9A19103F-16F7-4668-BE54-9A1E7A4F7556}") = "BuildingBlocks", "src\BuildingBlocks\BuildingBlocks\BuildingBlocks.csproj", "{1282D05F-ACFE-42E4-895A-96E2B57ED870}"
EndProject
Project("{2150E333-8FDC-42A3-9474-1A3956D46DE8}") = "Basket", "Basket", "{4761B198-48D7-4CEB-9636-971BC5901432}"
EndProject
Project("{9A19103F-16F7-4668-BE54-9A1E7A4F7556}") = "Basket.API", "src\Services\Basket\Basket.API\Basket.API.csproj", "{77B7DF48-0052-4B3C-B992-B0FF332AE57C}"
EndProject
Project("{2150E333-8FDC-42A3-9474-1A3956D46DE8}") = "Discount", "Discount", "{6251A770-F033-4285-8C5D-74ECF5A0BABC}"
EndProject
Project("{9A19103F-16F7-4668-BE54-9A1E7A4F7556}") = "Discount.Grpc", "src\Services\Discount\Discount.Grpc\Discount.Grpc.csproj", "{FB6DBE37-7967-4268-B1DE-4E4C97931F97}"
EndProject
Project("{E53339B2-1760-4266-BCC7-CA923CBCF16C}") = "docker-compose", "docker-compose.dcproj", "{37507BA8-8998-4823-AFC6-32533752F256}"
EndProject
Project("{2150E333-8FDC-42A3-9474-1A3956D46DE8}") = "Ordering", "Ordering", "{55CBA4B2-C0B7-475C-BB08-14DED9B0388A}"
EndProject
Project("{9A19103F-16F7-4668-BE54-9A1E7A4F7556}") = "Ordering.API", "src\Services\Ordering\Ordering.API\Ordering.API.csproj", "{CD5AF583-152B-4EB1-9F23-F9087638554D}"
EndProject
Project("{FAE04EC0-301F-11D3-BF4B-00C04F79EFBC}") = "Ordering.Domain", "src\Services\Ordering\Ordering.Domain\Ordering.Domain.csproj", "{1C93EA9F-CCF8-4749-9786-04C0229C2916}"
EndProject
Project("{FAE04EC0-301F-11D3-BF4B-00C04F79EFBC}") = "Ordering.Application", "src\Services\Ordering\Ordering.Application\Ordering.Application.csproj", "{E7A4F79F-1032-4DE4-8719-41B87353AF0E}"
EndProject
Project("{FAE04EC0-301F-11D3-BF4B-00C04F79EFBC}") = "Ordering.Infrastructure", "src\Services\Ordering\Ordering.Infrastructure\Ordering.Infrastructure.csproj", "{8ECEA86A-A18D-4143-8B66-E0159A5F44A9}"
EndProject
Project("{FAE04EC0-301F-11D3-BF4B-00C04F79EFBC}") = "BuildingBlocks.Messaging", "src\BuildingBlocks\BuildingBlocks.Messaging\BuildingBlocks.Messaging.csproj", "{AA8AC00C-ED4E-4780-BB90-EEF3B6CF5F2E}"
EndProject
Global
	GlobalSection(SolutionConfigurationPlatforms) = preSolution
		Debug|Any CPU = Debug|Any CPU
		Release|Any CPU = Release|Any CPU
	EndGlobalSection
	GlobalSection(ProjectConfigurationPlatforms) = postSolution
		{031ADE60-1C3D-4C97-9388-F4BD418D6153}.Debug|Any CPU.ActiveCfg = Debug|Any CPU
		{031ADE60-1C3D-4C97-9388-F4BD418D6153}.Debug|Any CPU.Build.0 = Debug|Any CPU
		{031ADE60-1C3D-4C97-9388-F4BD418D6153}.Release|Any CPU.ActiveCfg = Release|Any CPU
		{031ADE60-1C3D-4C97-9388-F4BD418D6153}.Release|Any CPU.Build.0 = Release|Any CPU
		{1282D05F-ACFE-42E4-895A-96E2B57ED870}.Debug|Any CPU.ActiveCfg = Debug|Any CPU
		{1282D05F-ACFE-42E4-895A-96E2B57ED870}.Debug|Any CPU.Build.0 = Debug|Any CPU
		{1282D05F-ACFE-42E4-895A-96E2B57ED870}.Release|Any CPU.ActiveCfg = Release|Any CPU
		{1282D05F-ACFE-42E4-895A-96E2B57ED870}.Release|Any CPU.Build.0 = Release|Any CPU
		{77B7DF48-0052-4B3C-B992-B0FF332AE57C}.Debug|Any CPU.ActiveCfg = Debug|Any CPU
		{77B7DF48-0052-4B3C-B992-B0FF332AE57C}.Debug|Any CPU.Build.0 = Debug|Any CPU
		{77B7DF48-0052-4B3C-B992-B0FF332AE57C}.Release|Any CPU.ActiveCfg = Release|Any CPU
		{77B7DF48-0052-4B3C-B992-B0FF332AE57C}.Release|Any CPU.Build.0 = Release|Any CPU
		{FB6DBE37-7967-4268-B1DE-4E4C97931F97}.Debug|Any CPU.ActiveCfg = Debug|Any CPU
		{FB6DBE37-7967-4268-B1DE-4E4C97931F97}.Debug|Any CPU.Build.0 = Debug|Any CPU
		{FB6DBE37-7967-4268-B1DE-4E4C97931F97}.Release|Any CPU.ActiveCfg = Release|Any CPU
		{FB6DBE37-7967-4268-B1DE-4E4C97931F97}.Release|Any CPU.Build.0 = Release|Any CPU
		{37507BA8-8998-4823-AFC6-32533752F256}.Debug|Any CPU.ActiveCfg = Debug|Any CPU
		{37507BA8-8998-4823-AFC6-32533752F256}.Debug|Any CPU.Build.0 = Debug|Any CPU
		{37507BA8-8998-4823-AFC6-32533752F256}.Release|Any CPU.ActiveCfg = Release|Any CPU
		{37507BA8-8998-4823-AFC6-32533752F256}.Release|Any CPU.Build.0 = Release|Any CPU
		{CD5AF583-152B-4EB1-9F23-F9087638554D}.Debug|Any CPU.ActiveCfg = Debug|Any CPU
		{CD5AF583-152B-4EB1-9F23-F9087638554D}.Debug|Any CPU.Build.0 = Debug|Any CPU
		{CD5AF583-152B-4EB1-9F23-F9087638554D}.Release|Any CPU.ActiveCfg = Release|Any CPU
		{CD5AF583-152B-4EB1-9F23-F9087638554D}.Release|Any CPU.Build.0 = Release|Any CPU
		{1C93EA9F-CCF8-4749-9786-04C0229C2916}.Debug|Any CPU.ActiveCfg = Debug|Any CPU
		{1C93EA9F-CCF8-4749-9786-04C0229C2916}.Debug|Any CPU.Build.0 = Debug|Any CPU
		{1C93EA9F-CCF8-4749-9786-04C0229C2916}.Release|Any CPU.ActiveCfg = Release|Any CPU
		{1C93EA9F-CCF8-4749-9786-04C0229C2916}.Release|Any CPU.Build.0 = Release|Any CPU
		{E7A4F79F-1032-4DE4-8719-41B87353AF0E}.Debug|Any CPU.ActiveCfg = Debug|Any CPU
		{E7A4F79F-1032-4DE4-8719-41B87353AF0E}.Debug|Any CPU.Build.0 = Debug|Any CPU
		{E7A4F79F-1032-4DE4-8719-41B87353AF0E}.Release|Any CPU.ActiveCfg = Release|Any CPU
		{E7A4F79F-1032-4DE4-8719-41B87353AF0E}.Release|Any CPU.Build.0 = Release|Any CPU
		{8ECEA86A-A18D-4143-8B66-E0159A5F44A9}.Debug|Any CPU.ActiveCfg = Debug|Any CPU
		{8ECEA86A-A18D-4143-8B66-E0159A5F44A9}.Debug|Any CPU.Build.0 = Debug|Any CPU
		{8ECEA86A-A18D-4143-8B66-E0159A5F44A9}.Release|Any CPU.ActiveCfg = Release|Any CPU
		{8ECEA86A-A18D-4143-8B66-E0159A5F44A9}.Release|Any CPU.Build.0 = Release|Any CPU
		{AA8AC00C-ED4E-4780-BB90-EEF3B6CF5F2E}.Debug|Any CPU.ActiveCfg = Debug|Any CPU
		{AA8AC00C-ED4E-4780-BB90-EEF3B6CF5F2E}.Debug|Any CPU.Build.0 = Debug|Any CPU
		{AA8AC00C-ED4E-4780-BB90-EEF3B6CF5F2E}.Release|Any CPU.ActiveCfg = Release|Any CPU
		{AA8AC00C-ED4E-4780-BB90-EEF3B6CF5F2E}.Release|Any CPU.Build.0 = Release|Any CPU
	EndGlobalSection
	GlobalSection(SolutionProperties) = preSolution
		HideSolutionNode = FALSE
	EndGlobalSection
	GlobalSection(NestedProjects) = preSolution
		{7C4D941D-91D0-48DA-AC5C-80CB3DA4491E} = {6CC0569D-1FEB-4702-AB52-AE76359224FE}
		{031ADE60-1C3D-4C97-9388-F4BD418D6153} = {7C4D941D-91D0-48DA-AC5C-80CB3DA4491E}
		{1282D05F-ACFE-42E4-895A-96E2B57ED870} = {54EA7F74-4C4C-4339-8F88-15BC680D1890}
		{4761B198-48D7-4CEB-9636-971BC5901432} = {6CC0569D-1FEB-4702-AB52-AE76359224FE}
		{77B7DF48-0052-4B3C-B992-B0FF332AE57C} = {4761B198-48D7-4CEB-9636-971BC5901432}
		{6251A770-F033-4285-8C5D-74ECF5A0BABC} = {6CC0569D-1FEB-4702-AB52-AE76359224FE}
		{FB6DBE37-7967-4268-B1DE-4E4C97931F97} = {6251A770-F033-4285-8C5D-74ECF5A0BABC}
		{55CBA4B2-C0B7-475C-BB08-14DED9B0388A} = {6CC0569D-1FEB-4702-AB52-AE76359224FE}
		{CD5AF583-152B-4EB1-9F23-F9087638554D} = {55CBA4B2-C0B7-475C-BB08-14DED9B0388A}
		{1C93EA9F-CCF8-4749-9786-04C0229C2916} = {55CBA4B2-C0B7-475C-BB08-14DED9B0388A}
		{E7A4F79F-1032-4DE4-8719-41B87353AF0E} = {55CBA4B2-C0B7-475C-BB08-14DED9B0388A}
		{8ECEA86A-A18D-4143-8B66-E0159A5F44A9} = {55CBA4B2-C0B7-475C-BB08-14DED9B0388A}
		{AA8AC00C-ED4E-4780-BB90-EEF3B6CF5F2E} = {54EA7F74-4C4C-4339-8F88-15BC680D1890}
	EndGlobalSection
	GlobalSection(ExtensibilityGlobals) = postSolution
		SolutionGuid = {8F7FA11C-1808-4FB7-AD83-06D422C1085D}
	EndGlobalSection
EndGlobal
